
Microsoft Visual Studio Solution File, Format Version 12.00
# Visual Studio 15
VisualStudioVersion = 15.0.28010.2019
MinimumVisualStudioVersion = 10.0.40219.1
Project("{FAE04EC0-301F-11D3-BF4B-00C04F79EFBC}") = "Rekenmachine Hiwad  Rashad", "Rekenmachine Hiwad  Rashad\Rekenmachine Hiwad  Rashad.csproj", "{B9386983-E3FA-4E30-A3F6-22A3E6EC9DFE}"
EndProject
Global
	GlobalSection(SolutionConfigurationPlatforms) = preSolution
		Debug|Any CPU = Debug|Any CPU
		Release|Any CPU = Release|Any CPU
	EndGlobalSection
	GlobalSection(ProjectConfigurationPlatforms) = postSolution
		{B9386983-E3FA-4E30-A3F6-22A3E6EC9DFE}.Debug|Any CPU.ActiveCfg = Debug|Any CPU
		{B9386983-E3FA-4E30-A3F6-22A3E6EC9DFE}.Debug|Any CPU.Build.0 = Debug|Any CPU
		{B9386983-E3FA-4E30-A3F6-22A3E6EC9DFE}.Release|Any CPU.ActiveCfg = Release|Any CPU
		{B9386983-E3FA-4E30-A3F6-22A3E6EC9DFE}.Release|Any CPU.Build.0 = Release|Any CPU
	EndGlobalSection
	GlobalSection(SolutionProperties) = preSolution
		HideSolutionNode = FALSE
	EndGlobalSection
	GlobalSection(ExtensibilityGlobals) = postSolution
		SolutionGuid = {A065F740-E0A7-42DE-BADB-D5C795D2AA6E}
	EndGlobalSection
EndGlobal
