
Microsoft Visual Studio Solution File, Format Version 12.00
# Visual Studio 15
VisualStudioVersion = 15.0.28010.2019
MinimumVisualStudioVersion = 10.0.40219.1
Project("{FAE04EC0-301F-11D3-BF4B-00C04F79EFBC}") = "Tower Of Hanoi - Hiwad Rashad", "Tower Of Hanoi - Hiwad Rashad\Tower Of Hanoi - Hiwad Rashad.csproj", "{D49BEA25-723D-48A0-A07D-9AD6C9460845}"
EndProject
Global
	GlobalSection(SolutionConfigurationPlatforms) = preSolution
		Debug|Any CPU = Debug|Any CPU
		Release|Any CPU = Release|Any CPU
	EndGlobalSection
	GlobalSection(ProjectConfigurationPlatforms) = postSolution
		{D49BEA25-723D-48A0-A07D-9AD6C9460845}.Debug|Any CPU.ActiveCfg = Debug|Any CPU
		{D49BEA25-723D-48A0-A07D-9AD6C9460845}.Debug|Any CPU.Build.0 = Debug|Any CPU
		{D49BEA25-723D-48A0-A07D-9AD6C9460845}.Release|Any CPU.ActiveCfg = Release|Any CPU
		{D49BEA25-723D-48A0-A07D-9AD6C9460845}.Release|Any CPU.Build.0 = Release|Any CPU
	EndGlobalSection
	GlobalSection(SolutionProperties) = preSolution
		HideSolutionNode = FALSE
	EndGlobalSection
	GlobalSection(ExtensibilityGlobals) = postSolution
		SolutionGuid = {A8B8BE28-9D56-4C97-97A9-CB6679CB266E}
	EndGlobalSection
EndGlobal
