
Microsoft Visual Studio Solution File, Format Version 12.00
# Visual Studio 15
VisualStudioVersion = 15.0.28307.489
MinimumVisualStudioVersion = 10.0.40219.1
Project("{FAE04EC0-301F-11D3-BF4B-00C04F79EFBC}") = "Scientific Calculator - Hiwad Rashad", "Scientific Calculator - Hiwad Rashad\Scientific Calculator - Hiwad Rashad.csproj", "{EEC84C49-0682-45E5-9705-B14B844AD454}"
EndProject
Global
	GlobalSection(SolutionConfigurationPlatforms) = preSolution
		Debug|Any CPU = Debug|Any CPU
		Release|Any CPU = Release|Any CPU
	EndGlobalSection
	GlobalSection(ProjectConfigurationPlatforms) = postSolution
		{EEC84C49-0682-45E5-9705-B14B844AD454}.Debug|Any CPU.ActiveCfg = Debug|Any CPU
		{EEC84C49-0682-45E5-9705-B14B844AD454}.Debug|Any CPU.Build.0 = Debug|Any CPU
		{EEC84C49-0682-45E5-9705-B14B844AD454}.Release|Any CPU.ActiveCfg = Release|Any CPU
		{EEC84C49-0682-45E5-9705-B14B844AD454}.Release|Any CPU.Build.0 = Release|Any CPU
	EndGlobalSection
	GlobalSection(SolutionProperties) = preSolution
		HideSolutionNode = FALSE
	EndGlobalSection
	GlobalSection(ExtensibilityGlobals) = postSolution
		SolutionGuid = {F4DD3A08-3526-4FBF-B9BC-16C8062D3E7C}
	EndGlobalSection
EndGlobal
