
Microsoft Visual Studio Solution File, Format Version 12.00
# Visual Studio 15
VisualStudioVersion = 15.0.28307.489
MinimumVisualStudioVersion = 10.0.40219.1
Project("{FAE04EC0-301F-11D3-BF4B-00C04F79EFBC}") = "Assenstelsel", "Assenstelsel\Assenstelsel.csproj", "{2B74496C-A659-4DAD-B3EA-4E7D0BC68C10}"
EndProject
Global
	GlobalSection(SolutionConfigurationPlatforms) = preSolution
		Debug|Any CPU = Debug|Any CPU
		Release|Any CPU = Release|Any CPU
	EndGlobalSection
	GlobalSection(ProjectConfigurationPlatforms) = postSolution
		{2B74496C-A659-4DAD-B3EA-4E7D0BC68C10}.Debug|Any CPU.ActiveCfg = Debug|Any CPU
		{2B74496C-A659-4DAD-B3EA-4E7D0BC68C10}.Debug|Any CPU.Build.0 = Debug|Any CPU
		{2B74496C-A659-4DAD-B3EA-4E7D0BC68C10}.Release|Any CPU.ActiveCfg = Release|Any CPU
		{2B74496C-A659-4DAD-B3EA-4E7D0BC68C10}.Release|Any CPU.Build.0 = Release|Any CPU
	EndGlobalSection
	GlobalSection(SolutionProperties) = preSolution
		HideSolutionNode = FALSE
	EndGlobalSection
	GlobalSection(ExtensibilityGlobals) = postSolution
		SolutionGuid = {74818928-0C69-483B-AD0F-514AAE09F66E}
	EndGlobalSection
EndGlobal
